// !$*UTF8*$!
{
	archiveVersion = 1;
	classes = {
	};
	objectVersion = 56;
	objects = {

/* Begin PBXBuildFile section */
		F3D74C0D29D230F50028F144 /* AppDelegate.swift in Sources */ = {isa = PBXBuildFile; fileRef = F3D74C0C29D230F50028F144 /* AppDelegate.swift */; };
		F3D74C0F29D230F50028F144 /* SceneDelegate.swift in Sources */ = {isa = PBXBuildFile; fileRef = F3D74C0E29D230F50028F144 /* SceneDelegate.swift */; };
		F3D74C1129D230F50028F144 /* LoginViewController.swift in Sources */ = {isa = PBXBuildFile; fileRef = F3D74C1029D230F50028F144 /* LoginViewController.swift */; };
		F3D74C1429D230F50028F144 /* Main.storyboard in Resources */ = {isa = PBXBuildFile; fileRef = F3D74C1229D230F50028F144 /* Main.storyboard */; };
		F3D74C1629D230F60028F144 /* Assets.xcassets in Resources */ = {isa = PBXBuildFile; fileRef = F3D74C1529D230F60028F144 /* Assets.xcassets */; };
		F3D74C1929D230F60028F144 /* LaunchScreen.storyboard in Resources */ = {isa = PBXBuildFile; fileRef = F3D74C1729D230F60028F144 /* LaunchScreen.storyboard */; };
		F3D74C2129D27B5A0028F144 /* SignUpViewController.swift in Sources */ = {isa = PBXBuildFile; fileRef = F3D74C2029D27B5A0028F144 /* SignUpViewController.swift */; };
		F3D74C2329D27B9A0028F144 /* FeedViewController.swift in Sources */ = {isa = PBXBuildFile; fileRef = F3D74C2229D27B9A0028F144 /* FeedViewController.swift */; };
		F3D74C2529D27BE10028F144 /* PostViewController.swift in Sources */ = {isa = PBXBuildFile; fileRef = F3D74C2429D27BE10028F144 /* PostViewController.swift */; };
		F3D74C2829D280FA0028F144 /* ParseSwift in Frameworks */ = {isa = PBXBuildFile; productRef = F3D74C2729D280FA0028F144 /* ParseSwift */; };
		F3D74C2B29D282BB0028F144 /* User.swift in Sources */ = {isa = PBXBuildFile; fileRef = F3D74C2A29D282BB0028F144 /* User.swift */; };
		F3D74C2D29D282E30028F144 /* Post.swift in Sources */ = {isa = PBXBuildFile; fileRef = F3D74C2C29D282E30028F144 /* Post.swift */; };
		F3D74C2F29D285E40028F144 /* PostCell.swift in Sources */ = {isa = PBXBuildFile; fileRef = F3D74C2E29D285E40028F144 /* PostCell.swift */; };
		F3D74C3229D288410028F144 /* Alamofire in Frameworks */ = {isa = PBXBuildFile; productRef = F3D74C3129D288410028F144 /* Alamofire */; };
		F3D74C3529D288A20028F144 /* AlamofireImage in Frameworks */ = {isa = PBXBuildFile; productRef = F3D74C3429D288A20028F144 /* AlamofireImage */; };
		F3D74C3729D2892D0028F144 /* DateFormatter.swift in Sources */ = {isa = PBXBuildFile; fileRef = F3D74C3629D2892D0028F144 /* DateFormatter.swift */; };
/* End PBXBuildFile section */

/* Begin PBXFileReference section */
		F3D74C0929D230F50028F144 /* BeReal.app */ = {isa = PBXFileReference; explicitFileType = wrapper.application; includeInIndex = 0; path = BeReal.app; sourceTree = BUILT_PRODUCTS_DIR; };
		F3D74C0C29D230F50028F144 /* AppDelegate.swift */ = {isa = PBXFileReference; lastKnownFileType = sourcecode.swift; path = AppDelegate.swift; sourceTree = "<group>"; };
		F3D74C0E29D230F50028F144 /* SceneDelegate.swift */ = {isa = PBXFileReference; lastKnownFileType = sourcecode.swift; path = SceneDelegate.swift; sourceTree = "<group>"; };
		F3D74C1029D230F50028F144 /* LoginViewController.swift */ = {isa = PBXFileReference; lastKnownFileType = sourcecode.swift; path = LoginViewController.swift; sourceTree = "<group>"; };
		F3D74C1329D230F50028F144 /* Base */ = {isa = PBXFileReference; lastKnownFileType = file.storyboard; name = Base; path = Base.lproj/Main.storyboard; sourceTree = "<group>"; };
		F3D74C1529D230F60028F144 /* Assets.xcassets */ = {isa = PBXFileReference; lastKnownFileType = folder.assetcatalog; path = Assets.xcassets; sourceTree = "<group>"; };
		F3D74C1829D230F60028F144 /* Base */ = {isa = PBXFileReference; lastKnownFileType = file.storyboard; name = Base; path = Base.lproj/LaunchScreen.storyboard; sourceTree = "<group>"; };
		F3D74C1A29D230F60028F144 /* Info.plist */ = {isa = PBXFileReference; lastKnownFileType = text.plist.xml; path = Info.plist; sourceTree = "<group>"; };
		F3D74C2029D27B5A0028F144 /* SignUpViewController.swift */ = {isa = PBXFileReference; lastKnownFileType = sourcecode.swift; path = SignUpViewController.swift; sourceTree = "<group>"; };
		F3D74C2229D27B9A0028F144 /* FeedViewController.swift */ = {isa = PBXFileReference; lastKnownFileType = sourcecode.swift; path = FeedViewController.swift; sourceTree = "<group>"; };
		F3D74C2429D27BE10028F144 /* PostViewController.swift */ = {isa = PBXFileReference; lastKnownFileType = sourcecode.swift; path = PostViewController.swift; sourceTree = "<group>"; };
		F3D74C2A29D282BB0028F144 /* User.swift */ = {isa = PBXFileReference; lastKnownFileType = sourcecode.swift; path = User.swift; sourceTree = "<group>"; };
		F3D74C2C29D282E30028F144 /* Post.swift */ = {isa = PBXFileReference; lastKnownFileType = sourcecode.swift; path = Post.swift; sourceTree = "<group>"; };
		F3D74C2E29D285E40028F144 /* PostCell.swift */ = {isa = PBXFileReference; lastKnownFileType = sourcecode.swift; path = PostCell.swift; sourceTree = "<group>"; };
		F3D74C3629D2892D0028F144 /* DateFormatter.swift */ = {isa = PBXFileReference; lastKnownFileType = sourcecode.swift; path = DateFormatter.swift; sourceTree = "<group>"; };
/* End PBXFileReference section */

/* Begin PBXFrameworksBuildPhase section */
		F3D74C0629D230F50028F144 /* Frameworks */ = {
			isa = PBXFrameworksBuildPhase;
			buildActionMask = 2147483647;
			files = (
				F3D74C2829D280FA0028F144 /* ParseSwift in Frameworks */,
				F3D74C3229D288410028F144 /* Alamofire in Frameworks */,
				F3D74C3529D288A20028F144 /* AlamofireImage in Frameworks */,
			);
			runOnlyForDeploymentPostprocessing = 0;
		};
/* End PBXFrameworksBuildPhase section */

/* Begin PBXGroup section */
		F3D74C0029D230F50028F144 = {
			isa = PBXGroup;
			children = (
				F3D74C0B29D230F50028F144 /* BeReal */,
				F3D74C0A29D230F50028F144 /* Products */,
			);
			sourceTree = "<group>";
		};
		F3D74C0A29D230F50028F144 /* Products */ = {
			isa = PBXGroup;
			children = (
				F3D74C0929D230F50028F144 /* BeReal.app */,
			);
			name = Products;
			sourceTree = "<group>";
		};
		F3D74C0B29D230F50028F144 /* BeReal */ = {
			isa = PBXGroup;
			children = (
				F3D74C2929D2829D0028F144 /* Model */,
				F3D74C0C29D230F50028F144 /* AppDelegate.swift */,
				F3D74C0E29D230F50028F144 /* SceneDelegate.swift */,
				F3D74C1029D230F50028F144 /* LoginViewController.swift */,
				F3D74C2029D27B5A0028F144 /* SignUpViewController.swift */,
				F3D74C1229D230F50028F144 /* Main.storyboard */,
				F3D74C2429D27BE10028F144 /* PostViewController.swift */,
				F3D74C2E29D285E40028F144 /* PostCell.swift */,
				F3D74C3629D2892D0028F144 /* DateFormatter.swift */,
				F3D74C2229D27B9A0028F144 /* FeedViewController.swift */,
				F3D74C1529D230F60028F144 /* Assets.xcassets */,
				F3D74C1729D230F60028F144 /* LaunchScreen.storyboard */,
				F3D74C1A29D230F60028F144 /* Info.plist */,
			);
			path = BeReal;
			sourceTree = "<group>";
		};
		F3D74C2929D2829D0028F144 /* Model */ = {
			isa = PBXGroup;
			children = (
				F3D74C2A29D282BB0028F144 /* User.swift */,
				F3D74C2C29D282E30028F144 /* Post.swift */,
			);
			path = Model;
			sourceTree = "<group>";
		};
/* End PBXGroup section */

/* Begin PBXNativeTarget section */
		F3D74C0829D230F50028F144 /* BeReal */ = {
			isa = PBXNativeTarget;
			buildConfigurationList = F3D74C1D29D230F60028F144 /* Build configuration list for PBXNativeTarget "BeReal" */;
			buildPhases = (
				F3D74C0529D230F50028F144 /* Sources */,
				F3D74C0629D230F50028F144 /* Frameworks */,
				F3D74C0729D230F50028F144 /* Resources */,
			);
			buildRules = (
			);
			dependencies = (
			);
			name = BeReal;
			packageProductDependencies = (
				F3D74C2729D280FA0028F144 /* ParseSwift */,
				F3D74C3129D288410028F144 /* Alamofire */,
				F3D74C3429D288A20028F144 /* AlamofireImage */,
			);
			productName = BeReal;
			productReference = F3D74C0929D230F50028F144 /* BeReal.app */;
			productType = "com.apple.product-type.application";
		};
/* End PBXNativeTarget section */

/* Begin PBXProject section */
		F3D74C0129D230F50028F144 /* Project object */ = {
			isa = PBXProject;
			attributes = {
				BuildIndependentTargetsInParallel = 1;
				LastSwiftUpdateCheck = 1420;
				LastUpgradeCheck = 1420;
				TargetAttributes = {
					F3D74C0829D230F50028F144 = {
						CreatedOnToolsVersion = 14.2;
					};
				};
			};
			buildConfigurationList = F3D74C0429D230F50028F144 /* Build configuration list for PBXProject "BeReal" */;
			compatibilityVersion = "Xcode 14.0";
			developmentRegion = en;
			hasScannedForEncodings = 0;
			knownRegions = (
				en,
				Base,
			);
			mainGroup = F3D74C0029D230F50028F144;
			packageReferences = (
				F3D74C2629D280F90028F144 /* XCRemoteSwiftPackageReference "Parse-Swift" */,
				F3D74C3029D288400028F144 /* XCRemoteSwiftPackageReference "Alamofire" */,
				F3D74C3329D288A20028F144 /* XCRemoteSwiftPackageReference "AlamofireImage" */,
			);
			productRefGroup = F3D74C0A29D230F50028F144 /* Products */;
			projectDirPath = "";
			projectRoot = "";
			targets = (
				F3D74C0829D230F50028F144 /* BeReal */,
			);
		};
/* End PBXProject section */

/* Begin PBXResourcesBuildPhase section */
		F3D74C0729D230F50028F144 /* Resources */ = {
			isa = PBXResourcesBuildPhase;
			buildActionMask = 2147483647;
			files = (
				F3D74C1929D230F60028F144 /* LaunchScreen.storyboard in Resources */,
				F3D74C1629D230F60028F144 /* Assets.xcassets in Resources */,
				F3D74C1429D230F50028F144 /* Main.storyboard in Resources */,
			);
			runOnlyForDeploymentPostprocessing = 0;
		};
/* End PBXResourcesBuildPhase section */

/* Begin PBXSourcesBuildPhase section */
		F3D74C0529D230F50028F144 /* Sources */ = {
			isa = PBXSourcesBuildPhase;
			buildActionMask = 2147483647;
			files = (
				F3D74C2F29D285E40028F144 /* PostCell.swift in Sources */,
				F3D74C2529D27BE10028F144 /* PostViewController.swift in Sources */,
				F3D74C1129D230F50028F144 /* LoginViewController.swift in Sources */,
				F3D74C0D29D230F50028F144 /* AppDelegate.swift in Sources */,
				F3D74C3729D2892D0028F144 /* DateFormatter.swift in Sources */,
				F3D74C2D29D282E30028F144 /* Post.swift in Sources */,
				F3D74C2329D27B9A0028F144 /* FeedViewController.swift in Sources */,
				F3D74C2129D27B5A0028F144 /* SignUpViewController.swift in Sources */,
				F3D74C0F29D230F50028F144 /* SceneDelegate.swift in Sources */,
				F3D74C2B29D282BB0028F144 /* User.swift in Sources */,
			);
			runOnlyForDeploymentPostprocessing = 0;
		};
/* End PBXSourcesBuildPhase section */

/* Begin PBXVariantGroup section */
		F3D74C1229D230F50028F144 /* Main.storyboard */ = {
			isa = PBXVariantGroup;
			children = (
				F3D74C1329D230F50028F144 /* Base */,
			);
			name = Main.storyboard;
			sourceTree = "<group>";
		};
		F3D74C1729D230F60028F144 /* LaunchScreen.storyboard */ = {
			isa = PBXVariantGroup;
			children = (
				F3D74C1829D230F60028F144 /* Base */,
			);
			name = LaunchScreen.storyboard;
			sourceTree = "<group>";
		};
/* End PBXVariantGroup section */

/* Begin XCBuildConfiguration section */
		F3D74C1B29D230F60028F144 /* Debug */ = {
			isa = XCBuildConfiguration;
			buildSettings = {
				ALWAYS_SEARCH_USER_PATHS = NO;
				CLANG_ANALYZER_NONNULL = YES;
				CLANG_ANALYZER_NUMBER_OBJECT_CONVERSION = YES_AGGRESSIVE;
				CLANG_CXX_LANGUAGE_STANDARD = "gnu++20";
				CLANG_ENABLE_MODULES = YES;
				CLANG_ENABLE_OBJC_ARC = YES;
				CLANG_ENABLE_OBJC_WEAK = YES;
				CLANG_WARN_BLOCK_CAPTURE_AUTORELEASING = YES;
				CLANG_WARN_BOOL_CONVERSION = YES;
				CLANG_WARN_COMMA = YES;
				CLANG_WARN_CONSTANT_CONVERSION = YES;
				CLANG_WARN_DEPRECATED_OBJC_IMPLEMENTATIONS = YES;
				CLANG_WARN_DIRECT_OBJC_ISA_USAGE = YES_ERROR;
				CLANG_WARN_DOCUMENTATION_COMMENTS = YES;
				CLANG_WARN_EMPTY_BODY = YES;
				CLANG_WARN_ENUM_CONVERSION = YES;
				CLANG_WARN_INFINITE_RECURSION = YES;
				CLANG_WARN_INT_CONVERSION = YES;
				CLANG_WARN_NON_LITERAL_NULL_CONVERSION = YES;
				CLANG_WARN_OBJC_IMPLICIT_RETAIN_SELF = YES;
				CLANG_WARN_OBJC_LITERAL_CONVERSION = YES;
				CLANG_WARN_OBJC_ROOT_CLASS = YES_ERROR;
				CLANG_WARN_QUOTED_INCLUDE_IN_FRAMEWORK_HEADER = YES;
				CLANG_WARN_RANGE_LOOP_ANALYSIS = YES;
				CLANG_WARN_STRICT_PROTOTYPES = YES;
				CLANG_WARN_SUSPICIOUS_MOVE = YES;
				CLANG_WARN_UNGUARDED_AVAILABILITY = YES_AGGRESSIVE;
				CLANG_WARN_UNREACHABLE_CODE = YES;
				CLANG_WARN__DUPLICATE_METHOD_MATCH = YES;
				COPY_PHASE_STRIP = NO;
				DEBUG_INFORMATION_FORMAT = dwarf;
				ENABLE_STRICT_OBJC_MSGSEND = YES;
				ENABLE_TESTABILITY = YES;
				GCC_C_LANGUAGE_STANDARD = gnu11;
				GCC_DYNAMIC_NO_PIC = NO;
				GCC_NO_COMMON_BLOCKS = YES;
				GCC_OPTIMIZATION_LEVEL = 0;
				GCC_PREPROCESSOR_DEFINITIONS = (
					"DEBUG=1",
					"$(inherited)",
				);
				GCC_WARN_64_TO_32_BIT_CONVERSION = YES;
				GCC_WARN_ABOUT_RETURN_TYPE = YES_ERROR;
				GCC_WARN_UNDECLARED_SELECTOR = YES;
				GCC_WARN_UNINITIALIZED_AUTOS = YES_AGGRESSIVE;
				GCC_WARN_UNUSED_FUNCTION = YES;
				GCC_WARN_UNUSED_VARIABLE = YES;
				IPHONEOS_DEPLOYMENT_TARGET = 16.2;
				MTL_ENABLE_DEBUG_INFO = INCLUDE_SOURCE;
				MTL_FAST_MATH = YES;
				ONLY_ACTIVE_ARCH = YES;
				SDKROOT = iphoneos;
				SWIFT_ACTIVE_COMPILATION_CONDITIONS = DEBUG;
				SWIFT_OPTIMIZATION_LEVEL = "-Onone";
			};
			name = Debug;
		};
		F3D74C1C29D230F60028F144 /* Release */ = {
			isa = XCBuildConfiguration;
			buildSettings = {
				ALWAYS_SEARCH_USER_PATHS = NO;
				CLANG_ANALYZER_NONNULL = YES;
				CLANG_ANALYZER_NUMBER_OBJECT_CONVERSION = YES_AGGRESSIVE;
				CLANG_CXX_LANGUAGE_STANDARD = "gnu++20";
				CLANG_ENABLE_MODULES = YES;
				CLANG_ENABLE_OBJC_ARC = YES;
				CLANG_ENABLE_OBJC_WEAK = YES;
				CLANG_WARN_BLOCK_CAPTURE_AUTORELEASING = YES;
				CLANG_WARN_BOOL_CONVERSION = YES;
				CLANG_WARN_COMMA = YES;
				CLANG_WARN_CONSTANT_CONVERSION = YES;
				CLANG_WARN_DEPRECATED_OBJC_IMPLEMENTATIONS = YES;
				CLANG_WARN_DIRECT_OBJC_ISA_USAGE = YES_ERROR;
				CLANG_WARN_DOCUMENTATION_COMMENTS = YES;
				CLANG_WARN_EMPTY_BODY = YES;
				CLANG_WARN_ENUM_CONVERSION = YES;
				CLANG_WARN_INFINITE_RECURSION = YES;
				CLANG_WARN_INT_CONVERSION = YES;
				CLANG_WARN_NON_LITERAL_NULL_CONVERSION = YES;
				CLANG_WARN_OBJC_IMPLICIT_RETAIN_SELF = YES;
				CLANG_WARN_OBJC_LITERAL_CONVERSION = YES;
				CLANG_WARN_OBJC_ROOT_CLASS = YES_ERROR;
				CLANG_WARN_QUOTED_INCLUDE_IN_FRAMEWORK_HEADER = YES;
				CLANG_WARN_RANGE_LOOP_ANALYSIS = YES;
				CLANG_WARN_STRICT_PROTOTYPES = YES;
				CLANG_WARN_SUSPICIOUS_MOVE = YES;
				CLANG_WARN_UNGUARDED_AVAILABILITY = YES_AGGRESSIVE;
				CLANG_WARN_UNREACHABLE_CODE = YES;
				CLANG_WARN__DUPLICATE_METHOD_MATCH = YES;
				COPY_PHASE_STRIP = NO;
				DEBUG_INFORMATION_FORMAT = "dwarf-with-dsym";
				ENABLE_NS_ASSERTIONS = NO;
				ENABLE_STRICT_OBJC_MSGSEND = YES;
				GCC_C_LANGUAGE_STANDARD = gnu11;
				GCC_NO_COMMON_BLOCKS = YES;
				GCC_WARN_64_TO_32_BIT_CONVERSION = YES;
				GCC_WARN_ABOUT_RETURN_TYPE = YES_ERROR;
				GCC_WARN_UNDECLARED_SELECTOR = YES;
				GCC_WARN_UNINITIALIZED_AUTOS = YES_AGGRESSIVE;
				GCC_WARN_UNUSED_FUNCTION = YES;
				GCC_WARN_UNUSED_VARIABLE = YES;
				IPHONEOS_DEPLOYMENT_TARGET = 16.2;
				MTL_ENABLE_DEBUG_INFO = NO;
				MTL_FAST_MATH = YES;
				SDKROOT = iphoneos;
				SWIFT_COMPILATION_MODE = wholemodule;
				SWIFT_OPTIMIZATION_LEVEL = "-O";
				VALIDATE_PRODUCT = YES;
			};
			name = Release;
		};
		F3D74C1E29D230F60028F144 /* Debug */ = {
			isa = XCBuildConfiguration;
			buildSettings = {
				ASSETCATALOG_COMPILER_APPICON_NAME = AppIcon;
				ASSETCATALOG_COMPILER_GLOBAL_ACCENT_COLOR_NAME = AccentColor;
				CODE_SIGN_STYLE = Automatic;
				CURRENT_PROJECT_VERSION = 1;
				DEVELOPMENT_TEAM = YV3GRL773F;
				GENERATE_INFOPLIST_FILE = YES;
				INFOPLIST_FILE = BeReal/Info.plist;
				INFOPLIST_KEY_UIApplicationSupportsIndirectInputEvents = YES;
				INFOPLIST_KEY_UILaunchStoryboardName = LaunchScreen;
				INFOPLIST_KEY_UIMainStoryboardFile = Main;
				INFOPLIST_KEY_UISupportedInterfaceOrientations_iPad = "UIInterfaceOrientationPortrait UIInterfaceOrientationPortraitUpsideDown UIInterfaceOrientationLandscapeLeft UIInterfaceOrientationLandscapeRight";
				INFOPLIST_KEY_UISupportedInterfaceOrientations_iPhone = "UIInterfaceOrientationPortrait UIInterfaceOrientationLandscapeLeft UIInterfaceOrientationLandscapeRight";
				LD_RUNPATH_SEARCH_PATHS = (
					"$(inherited)",
					"@executable_path/Frameworks",
				);
				MARKETING_VERSION = 1.0;
				PRODUCT_BUNDLE_IDENTIFIER = SabrinaZ.BeReal;
				PRODUCT_NAME = "$(TARGET_NAME)";
				SWIFT_EMIT_LOC_STRINGS = YES;
				SWIFT_VERSION = 5.0;
				TARGETED_DEVICE_FAMILY = "1,2";
			};
			name = Debug;
		};
		F3D74C1F29D230F60028F144 /* Release */ = {
			isa = XCBuildConfiguration;
			buildSettings = {
				ASSETCATALOG_COMPILER_APPICON_NAME = AppIcon;
				ASSETCATALOG_COMPILER_GLOBAL_ACCENT_COLOR_NAME = AccentColor;
				CODE_SIGN_STYLE = Automatic;
				CURRENT_PROJECT_VERSION = 1;
				DEVELOPMENT_TEAM = YV3GRL773F;
				GENERATE_INFOPLIST_FILE = YES;
				INFOPLIST_FILE = BeReal/Info.plist;
				INFOPLIST_KEY_UIApplicationSupportsIndirectInputEvents = YES;
				INFOPLIST_KEY_UILaunchStoryboardName = LaunchScreen;
				INFOPLIST_KEY_UIMainStoryboardFile = Main;
				INFOPLIST_KEY_UISupportedInterfaceOrientations_iPad = "UIInterfaceOrientationPortrait UIInterfaceOrientationPortraitUpsideDown UIInterfaceOrientationLandscapeLeft UIInterfaceOrientationLandscapeRight";
				INFOPLIST_KEY_UISupportedInterfaceOrientations_iPhone = "UIInterfaceOrientationPortrait UIInterfaceOrientationLandscapeLeft UIInterfaceOrientationLandscapeRight";
				LD_RUNPATH_SEARCH_PATHS = (
					"$(inherited)",
					"@executable_path/Frameworks",
				);
				MARKETING_VERSION = 1.0;
				PRODUCT_BUNDLE_IDENTIFIER = SabrinaZ.BeReal;
				PRODUCT_NAME = "$(TARGET_NAME)";
				SWIFT_EMIT_LOC_STRINGS = YES;
				SWIFT_VERSION = 5.0;
				TARGETED_DEVICE_FAMILY = "1,2";
			};
			name = Release;
		};
/* End XCBuildConfiguration section */

/* Begin XCConfigurationList section */
		F3D74C0429D230F50028F144 /* Build configuration list for PBXProject "BeReal" */ = {
			isa = XCConfigurationList;
			buildConfigurations = (
				F3D74C1B29D230F60028F144 /* Debug */,
				F3D74C1C29D230F60028F144 /* Release */,
			);
			defaultConfigurationIsVisible = 0;
			defaultConfigurationName = Release;
		};
		F3D74C1D29D230F60028F144 /* Build configuration list for PBXNativeTarget "BeReal" */ = {
			isa = XCConfigurationList;
			buildConfigurations = (
				F3D74C1E29D230F60028F144 /* Debug */,
				F3D74C1F29D230F60028F144 /* Release */,
			);
			defaultConfigurationIsVisible = 0;
			defaultConfigurationName = Release;
		};
/* End XCConfigurationList section */

/* Begin XCRemoteSwiftPackageReference section */
		F3D74C2629D280F90028F144 /* XCRemoteSwiftPackageReference "Parse-Swift" */ = {
			isa = XCRemoteSwiftPackageReference;
			repositoryURL = "https://github.com/parse-community/Parse-Swift";
			requirement = {
				kind = upToNextMajorVersion;
				minimumVersion = 4.0.0;
			};
		};
		F3D74C3029D288400028F144 /* XCRemoteSwiftPackageReference "Alamofire" */ = {
			isa = XCRemoteSwiftPackageReference;
			repositoryURL = "https://github.com/Alamofire/Alamofire";
			requirement = {
				kind = upToNextMajorVersion;
				minimumVersion = 5.0.0;
			};
		};
		F3D74C3329D288A20028F144 /* XCRemoteSwiftPackageReference "AlamofireImage" */ = {
			isa = XCRemoteSwiftPackageReference;
			repositoryURL = "https://github.com/Alamofire/AlamofireImage.git";
			requirement = {
				kind = upToNextMajorVersion;
				minimumVersion = 4.0.0;
			};
		};
/* End XCRemoteSwiftPackageReference section */

/* Begin XCSwiftPackageProductDependency section */
		F3D74C2729D280FA0028F144 /* ParseSwift */ = {
			isa = XCSwiftPackageProductDependency;
			package = F3D74C2629D280F90028F144 /* XCRemoteSwiftPackageReference "Parse-Swift" */;
			productName = ParseSwift;
		};
		F3D74C3129D288410028F144 /* Alamofire */ = {
			isa = XCSwiftPackageProductDependency;
			package = F3D74C3029D288400028F144 /* XCRemoteSwiftPackageReference "Alamofire" */;
			productName = Alamofire;
		};
		F3D74C3429D288A20028F144 /* AlamofireImage */ = {
			isa = XCSwiftPackageProductDependency;
			package = F3D74C3329D288A20028F144 /* XCRemoteSwiftPackageReference "AlamofireImage" */;
			productName = AlamofireImage;
		};
/* End XCSwiftPackageProductDependency section */
	};
	rootObject = F3D74C0129D230F50028F144 /* Project object */;
}
